
Microsoft Visual Studio Solution File, Format Version 12.00
# Visual Studio Version 17
VisualStudioVersion = 17.9.34701.34
MinimumVisualStudioVersion = 10.0.40219.1
Project("{9A19103F-16F7-4668-BE54-9A1E7A4F7556}") = "TestCM", "TestCM\TestCM.csproj", "{AB0B4651-D876-4464-8184-C6092E6216B5}"
EndProject
Project("{FAE04EC0-301F-11D3-BF4B-00C04F79EFBC}") = "TestCM_Net", "TestCM_Net\TestCM_Net.csproj", "{2C7DC607-27F2-4B07-A460-3362B6DAF395}"
EndProject
Global
	GlobalSection(SolutionConfigurationPlatforms) = preSolution
		Debug|Any CPU = Debug|Any CPU
		Debug|ARM = Debug|ARM
		Debug|ARM64 = Debug|ARM64
		Debug|x64 = Debug|x64
		Debug|x86 = Debug|x86
		Release|Any CPU = Release|Any CPU
		Release|ARM = Release|ARM
		Release|ARM64 = Release|ARM64
		Release|x64 = Release|x64
		Release|x86 = Release|x86
		Static Debug SSE2|Any CPU = Static Debug SSE2|Any CPU
		Static Debug SSE2|ARM = Static Debug SSE2|ARM
		Static Debug SSE2|ARM64 = Static Debug SSE2|ARM64
		Static Debug SSE2|x64 = Static Debug SSE2|x64
		Static Debug SSE2|x86 = Static Debug SSE2|x86
		Static Debug|Any CPU = Static Debug|Any CPU
		Static Debug|ARM = Static Debug|ARM
		Static Debug|ARM64 = Static Debug|ARM64
		Static Debug|x64 = Static Debug|x64
		Static Debug|x86 = Static Debug|x86
		Static Release SSE2|Any CPU = Static Release SSE2|Any CPU
		Static Release SSE2|ARM = Static Release SSE2|ARM
		Static Release SSE2|ARM64 = Static Release SSE2|ARM64
		Static Release SSE2|x64 = Static Release SSE2|x64
		Static Release SSE2|x86 = Static Release SSE2|x86
		Static Release|Any CPU = Static Release|Any CPU
		Static Release|ARM = Static Release|ARM
		Static Release|ARM64 = Static Release|ARM64
		Static Release|x64 = Static Release|x64
		Static Release|x86 = Static Release|x86
	EndGlobalSection
	GlobalSection(ProjectConfigurationPlatforms) = postSolution
		{AB0B4651-D876-4464-8184-C6092E6216B5}.Debug|Any CPU.ActiveCfg = Debug|Any CPU
		{AB0B4651-D876-4464-8184-C6092E6216B5}.Debug|Any CPU.Build.0 = Debug|Any CPU
		{AB0B4651-D876-4464-8184-C6092E6216B5}.Debug|ARM.ActiveCfg = Debug|Any CPU
		{AB0B4651-D876-4464-8184-C6092E6216B5}.Debug|ARM.Build.0 = Debug|Any CPU
		{AB0B4651-D876-4464-8184-C6092E6216B5}.Debug|ARM64.ActiveCfg = Debug|Any CPU
		{AB0B4651-D876-4464-8184-C6092E6216B5}.Debug|ARM64.Build.0 = Debug|Any CPU
		{AB0B4651-D876-4464-8184-C6092E6216B5}.Debug|x64.ActiveCfg = Debug|x64
		{AB0B4651-D876-4464-8184-C6092E6216B5}.Debug|x64.Build.0 = Debug|x64
		{AB0B4651-D876-4464-8184-C6092E6216B5}.Debug|x86.ActiveCfg = Debug|Any CPU
		{AB0B4651-D876-4464-8184-C6092E6216B5}.Debug|x86.Build.0 = Debug|Any CPU
		{AB0B4651-D876-4464-8184-C6092E6216B5}.Release|Any CPU.ActiveCfg = Release|Any CPU
		{AB0B4651-D876-4464-8184-C6092E6216B5}.Release|Any CPU.Build.0 = Release|Any CPU
		{AB0B4651-D876-4464-8184-C6092E6216B5}.Release|ARM.ActiveCfg = Release|Any CPU
		{AB0B4651-D876-4464-8184-C6092E6216B5}.Release|ARM.Build.0 = Release|Any CPU
		{AB0B4651-D876-4464-8184-C6092E6216B5}.Release|ARM64.ActiveCfg = Release|Any CPU
		{AB0B4651-D876-4464-8184-C6092E6216B5}.Release|ARM64.Build.0 = Release|Any CPU
		{AB0B4651-D876-4464-8184-C6092E6216B5}.Release|x64.ActiveCfg = Release|x64
		{AB0B4651-D876-4464-8184-C6092E6216B5}.Release|x64.Build.0 = Release|x64
		{AB0B4651-D876-4464-8184-C6092E6216B5}.Release|x86.ActiveCfg = Release|Any CPU
		{AB0B4651-D876-4464-8184-C6092E6216B5}.Release|x86.Build.0 = Release|Any CPU
		{AB0B4651-D876-4464-8184-C6092E6216B5}.Static Debug SSE2|Any CPU.ActiveCfg = Debug|Any CPU
		{AB0B4651-D876-4464-8184-C6092E6216B5}.Static Debug SSE2|Any CPU.Build.0 = Debug|Any CPU
		{AB0B4651-D876-4464-8184-C6092E6216B5}.Static Debug SSE2|ARM.ActiveCfg = Debug|Any CPU
		{AB0B4651-D876-4464-8184-C6092E6216B5}.Static Debug SSE2|ARM.Build.0 = Debug|Any CPU
		{AB0B4651-D876-4464-8184-C6092E6216B5}.Static Debug SSE2|ARM64.ActiveCfg = Debug|Any CPU
		{AB0B4651-D876-4464-8184-C6092E6216B5}.Static Debug SSE2|ARM64.Build.0 = Debug|Any CPU
		{AB0B4651-D876-4464-8184-C6092E6216B5}.Static Debug SSE2|x64.ActiveCfg = Debug|x64
		{AB0B4651-D876-4464-8184-C6092E6216B5}.Static Debug SSE2|x64.Build.0 = Debug|x64
		{AB0B4651-D876-4464-8184-C6092E6216B5}.Static Debug SSE2|x86.ActiveCfg = Debug|Any CPU
		{AB0B4651-D876-4464-8184-C6092E6216B5}.Static Debug SSE2|x86.Build.0 = Debug|Any CPU
		{AB0B4651-D876-4464-8184-C6092E6216B5}.Static Debug|Any CPU.ActiveCfg = Debug|Any CPU
		{AB0B4651-D876-4464-8184-C6092E6216B5}.Static Debug|Any CPU.Build.0 = Debug|Any CPU
		{AB0B4651-D876-4464-8184-C6092E6216B5}.Static Debug|ARM.ActiveCfg = Debug|Any CPU
		{AB0B4651-D876-4464-8184-C6092E6216B5}.Static Debug|ARM.Build.0 = Debug|Any CPU
		{AB0B4651-D876-4464-8184-C6092E6216B5}.Static Debug|ARM64.ActiveCfg = Debug|Any CPU
		{AB0B4651-D876-4464-8184-C6092E6216B5}.Static Debug|ARM64.Build.0 = Debug|Any CPU
		{AB0B4651-D876-4464-8184-C6092E6216B5}.Static Debug|x64.ActiveCfg = Debug|x64
		{AB0B4651-D876-4464-8184-C6092E6216B5}.Static Debug|x64.Build.0 = Debug|x64
		{AB0B4651-D876-4464-8184-C6092E6216B5}.Static Debug|x86.ActiveCfg = Debug|Any CPU
		{AB0B4651-D876-4464-8184-C6092E6216B5}.Static Debug|x86.Build.0 = Debug|Any CPU
		{AB0B4651-D876-4464-8184-C6092E6216B5}.Static Release SSE2|Any CPU.ActiveCfg = Release|Any CPU
		{AB0B4651-D876-4464-8184-C6092E6216B5}.Static Release SSE2|Any CPU.Build.0 = Release|Any CPU
		{AB0B4651-D876-4464-8184-C6092E6216B5}.Static Release SSE2|ARM.ActiveCfg = Release|Any CPU
		{AB0B4651-D876-4464-8184-C6092E6216B5}.Static Release SSE2|ARM.Build.0 = Release|Any CPU
		{AB0B4651-D876-4464-8184-C6092E6216B5}.Static Release SSE2|ARM64.ActiveCfg = Release|Any CPU
		{AB0B4651-D876-4464-8184-C6092E6216B5}.Static Release SSE2|ARM64.Build.0 = Release|Any CPU
		{AB0B4651-D876-4464-8184-C6092E6216B5}.Static Release SSE2|x64.ActiveCfg = Release|x64
		{AB0B4651-D876-4464-8184-C6092E6216B5}.Static Release SSE2|x64.Build.0 = Release|x64
		{AB0B4651-D876-4464-8184-C6092E6216B5}.Static Release SSE2|x86.ActiveCfg = Release|Any CPU
		{AB0B4651-D876-4464-8184-C6092E6216B5}.Static Release SSE2|x86.Build.0 = Release|Any CPU
		{AB0B4651-D876-4464-8184-C6092E6216B5}.Static Release|Any CPU.ActiveCfg = Release|Any CPU
		{AB0B4651-D876-4464-8184-C6092E6216B5}.Static Release|Any CPU.Build.0 = Release|Any CPU
		{AB0B4651-D876-4464-8184-C6092E6216B5}.Static Release|ARM.ActiveCfg = Release|Any CPU
		{AB0B4651-D876-4464-8184-C6092E6216B5}.Static Release|ARM.Build.0 = Release|Any CPU
		{AB0B4651-D876-4464-8184-C6092E6216B5}.Static Release|ARM64.ActiveCfg = Release|Any CPU
		{AB0B4651-D876-4464-8184-C6092E6216B5}.Static Release|ARM64.Build.0 = Release|Any CPU
		{AB0B4651-D876-4464-8184-C6092E6216B5}.Static Release|x64.ActiveCfg = Release|x64
		{AB0B4651-D876-4464-8184-C6092E6216B5}.Static Release|x64.Build.0 = Release|x64
		{AB0B4651-D876-4464-8184-C6092E6216B5}.Static Release|x86.ActiveCfg = Release|Any CPU
		{AB0B4651-D876-4464-8184-C6092E6216B5}.Static Release|x86.Build.0 = Release|Any CPU
		{2C7DC607-27F2-4B07-A460-3362B6DAF395}.Debug|Any CPU.ActiveCfg = Debug|Any CPU
		{2C7DC607-27F2-4B07-A460-3362B6DAF395}.Debug|Any CPU.Build.0 = Debug|Any CPU
		{2C7DC607-27F2-4B07-A460-3362B6DAF395}.Debug|ARM.ActiveCfg = Debug|Any CPU
		{2C7DC607-27F2-4B07-A460-3362B6DAF395}.Debug|ARM.Build.0 = Debug|Any CPU
		{2C7DC607-27F2-4B07-A460-3362B6DAF395}.Debug|ARM64.ActiveCfg = Debug|Any CPU
		{2C7DC607-27F2-4B07-A460-3362B6DAF395}.Debug|ARM64.Build.0 = Debug|Any CPU
		{2C7DC607-27F2-4B07-A460-3362B6DAF395}.Debug|x64.ActiveCfg = Debug|Any CPU
		{2C7DC607-27F2-4B07-A460-3362B6DAF395}.Debug|x64.Build.0 = Debug|Any CPU
		{2C7DC607-27F2-4B07-A460-3362B6DAF395}.Debug|x86.ActiveCfg = Debug|Any CPU
		{2C7DC607-27F2-4B07-A460-3362B6DAF395}.Debug|x86.Build.0 = Debug|Any CPU
		{2C7DC607-27F2-4B07-A460-3362B6DAF395}.Release|Any CPU.ActiveCfg = Release|Any CPU
		{2C7DC607-27F2-4B07-A460-3362B6DAF395}.Release|Any CPU.Build.0 = Release|Any CPU
		{2C7DC607-27F2-4B07-A460-3362B6DAF395}.Release|ARM.ActiveCfg = Release|Any CPU
		{2C7DC607-27F2-4B07-A460-3362B6DAF395}.Release|ARM.Build.0 = Release|Any CPU
		{2C7DC607-27F2-4B07-A460-3362B6DAF395}.Release|ARM64.ActiveCfg = Release|Any CPU
		{2C7DC607-27F2-4B07-A460-3362B6DAF395}.Release|ARM64.Build.0 = Release|Any CPU
		{2C7DC607-27F2-4B07-A460-3362B6DAF395}.Release|x64.ActiveCfg = Release|Any CPU
		{2C7DC607-27F2-4B07-A460-3362B6DAF395}.Release|x64.Build.0 = Release|Any CPU
		{2C7DC607-27F2-4B07-A460-3362B6DAF395}.Release|x86.ActiveCfg = Release|Any CPU
		{2C7DC607-27F2-4B07-A460-3362B6DAF395}.Release|x86.Build.0 = Release|Any CPU
		{2C7DC607-27F2-4B07-A460-3362B6DAF395}.Static Debug SSE2|Any CPU.ActiveCfg = Debug|Any CPU
		{2C7DC607-27F2-4B07-A460-3362B6DAF395}.Static Debug SSE2|Any CPU.Build.0 = Debug|Any CPU
		{2C7DC607-27F2-4B07-A460-3362B6DAF395}.Static Debug SSE2|ARM.ActiveCfg = Debug|Any CPU
		{2C7DC607-27F2-4B07-A460-3362B6DAF395}.Static Debug SSE2|ARM.Build.0 = Debug|Any CPU
		{2C7DC607-27F2-4B07-A460-3362B6DAF395}.Static Debug SSE2|ARM64.ActiveCfg = Debug|Any CPU
		{2C7DC607-27F2-4B07-A460-3362B6DAF395}.Static Debug SSE2|ARM64.Build.0 = Debug|Any CPU
		{2C7DC607-27F2-4B07-A460-3362B6DAF395}.Static Debug SSE2|x64.ActiveCfg = Debug|Any CPU
		{2C7DC607-27F2-4B07-A460-3362B6DAF395}.Static Debug SSE2|x64.Build.0 = Debug|Any CPU
		{2C7DC607-27F2-4B07-A460-3362B6DAF395}.Static Debug SSE2|x86.ActiveCfg = Debug|Any CPU
		{2C7DC607-27F2-4B07-A460-3362B6DAF395}.Static Debug SSE2|x86.Build.0 = Debug|Any CPU
		{2C7DC607-27F2-4B07-A460-3362B6DAF395}.Static Debug|Any CPU.ActiveCfg = Debug|Any CPU
		{2C7DC607-27F2-4B07-A460-3362B6DAF395}.Static Debug|Any CPU.Build.0 = Debug|Any CPU
		{2C7DC607-27F2-4B07-A460-3362B6DAF395}.Static Debug|ARM.ActiveCfg = Debug|Any CPU
		{2C7DC607-27F2-4B07-A460-3362B6DAF395}.Static Debug|ARM.Build.0 = Debug|Any CPU
		{2C7DC607-27F2-4B07-A460-3362B6DAF395}.Static Debug|ARM64.ActiveCfg = Debug|Any CPU
		{2C7DC607-27F2-4B07-A460-3362B6DAF395}.Static Debug|ARM64.Build.0 = Debug|Any CPU
		{2C7DC607-27F2-4B07-A460-3362B6DAF395}.Static Debug|x64.ActiveCfg = Debug|Any CPU
		{2C7DC607-27F2-4B07-A460-3362B6DAF395}.Static Debug|x64.Build.0 = Debug|Any CPU
		{2C7DC607-27F2-4B07-A460-3362B6DAF395}.Static Debug|x86.ActiveCfg = Debug|Any CPU
		{2C7DC607-27F2-4B07-A460-3362B6DAF395}.Static Debug|x86.Build.0 = Debug|Any CPU
		{2C7DC607-27F2-4B07-A460-3362B6DAF395}.Static Release SSE2|Any CPU.ActiveCfg = Release|Any CPU
		{2C7DC607-27F2-4B07-A460-3362B6DAF395}.Static Release SSE2|Any CPU.Build.0 = Release|Any CPU
		{2C7DC607-27F2-4B07-A460-3362B6DAF395}.Static Release SSE2|ARM.ActiveCfg = Release|Any CPU
		{2C7DC607-27F2-4B07-A460-3362B6DAF395}.Static Release SSE2|ARM.Build.0 = Release|Any CPU
		{2C7DC607-27F2-4B07-A460-3362B6DAF395}.Static Release SSE2|ARM64.ActiveCfg = Release|Any CPU
		{2C7DC607-27F2-4B07-A460-3362B6DAF395}.Static Release SSE2|ARM64.Build.0 = Release|Any CPU
		{2C7DC607-27F2-4B07-A460-3362B6DAF395}.Static Release SSE2|x64.ActiveCfg = Release|Any CPU
		{2C7DC607-27F2-4B07-A460-3362B6DAF395}.Static Release SSE2|x64.Build.0 = Release|Any CPU
		{2C7DC607-27F2-4B07-A460-3362B6DAF395}.Static Release SSE2|x86.ActiveCfg = Release|Any CPU
		{2C7DC607-27F2-4B07-A460-3362B6DAF395}.Static Release SSE2|x86.Build.0 = Release|Any CPU
		{2C7DC607-27F2-4B07-A460-3362B6DAF395}.Static Release|Any CPU.ActiveCfg = Release|Any CPU
		{2C7DC607-27F2-4B07-A460-3362B6DAF395}.Static Release|Any CPU.Build.0 = Release|Any CPU
		{2C7DC607-27F2-4B07-A460-3362B6DAF395}.Static Release|ARM.ActiveCfg = Release|Any CPU
		{2C7DC607-27F2-4B07-A460-3362B6DAF395}.Static Release|ARM.Build.0 = Release|Any CPU
		{2C7DC607-27F2-4B07-A460-3362B6DAF395}.Static Release|ARM64.ActiveCfg = Release|Any CPU
		{2C7DC607-27F2-4B07-A460-3362B6DAF395}.Static Release|ARM64.Build.0 = Release|Any CPU
		{2C7DC607-27F2-4B07-A460-3362B6DAF395}.Static Release|x64.ActiveCfg = Release|Any CPU
		{2C7DC607-27F2-4B07-A460-3362B6DAF395}.Static Release|x64.Build.0 = Release|Any CPU
		{2C7DC607-27F2-4B07-A460-3362B6DAF395}.Static Release|x86.ActiveCfg = Release|Any CPU
		{2C7DC607-27F2-4B07-A460-3362B6DAF395}.Static Release|x86.Build.0 = Release|Any CPU
	EndGlobalSection
	GlobalSection(SolutionProperties) = preSolution
		HideSolutionNode = FALSE
	EndGlobalSection
	GlobalSection(ExtensibilityGlobals) = postSolution
		SolutionGuid = {76A5A4CB-B89B-4A5D-8A3E-43B81E437786}
	EndGlobalSection
EndGlobal
